
Microsoft Visual Studio Solution File, Format Version 12.00
# Visual Studio Version 16
VisualStudioVersion = 16.0.30011.22
MinimumVisualStudioVersion = 10.0.40219.1
Project("{8BC9CEB8-8B4A-11D0-8D11-00A0C91BC942}") = "程序设计0424（1）", "程序设计0424（1）.vcxproj", "{97B0B6C6-AAEC-468B-A6E3-4E1CB51B4D25}"
EndProject
Global
	GlobalSection(SolutionConfigurationPlatforms) = preSolution
		Debug|x64 = Debug|x64
		Debug|x86 = Debug|x86
		Release|x64 = Release|x64
		Release|x86 = Release|x86
	EndGlobalSection
	GlobalSection(ProjectConfigurationPlatforms) = postSolution
		{97B0B6C6-AAEC-468B-A6E3-4E1CB51B4D25}.Debug|x64.ActiveCfg = Debug|x64
		{97B0B6C6-AAEC-468B-A6E3-4E1CB51B4D25}.Debug|x64.Build.0 = Debug|x64
		{97B0B6C6-AAEC-468B-A6E3-4E1CB51B4D25}.Debug|x86.ActiveCfg = Debug|Win32
		{97B0B6C6-AAEC-468B-A6E3-4E1CB51B4D25}.Debug|x86.Build.0 = Debug|Win32
		{97B0B6C6-AAEC-468B-A6E3-4E1CB51B4D25}.Release|x64.ActiveCfg = Release|x64
		{97B0B6C6-AAEC-468B-A6E3-4E1CB51B4D25}.Release|x64.Build.0 = Release|x64
		{97B0B6C6-AAEC-468B-A6E3-4E1CB51B4D25}.Release|x86.ActiveCfg = Release|Win32
		{97B0B6C6-AAEC-468B-A6E3-4E1CB51B4D25}.Release|x86.Build.0 = Release|Win32
	EndGlobalSection
	GlobalSection(SolutionProperties) = preSolution
		HideSolutionNode = FALSE
	EndGlobalSection
	GlobalSection(ExtensibilityGlobals) = postSolution
		SolutionGuid = {3A214976-A961-48D3-86EC-F84944F9D2A6}
	EndGlobalSection
EndGlobal
