
Microsoft Visual Studio Solution File, Format Version 12.00
# Visual Studio Version 16
VisualStudioVersion = 16.0.30225.117
MinimumVisualStudioVersion = 10.0.40219.1
Project("{8BC9CEB8-8B4A-11D0-8D11-00A0C91BC942}") = "内存分配函数练习", "内存分配函数练习.vcxproj", "{C08FF24F-AA0A-496F-AC71-B4EF3E611F5F}"
EndProject
Global
	GlobalSection(SolutionConfigurationPlatforms) = preSolution
		Debug|x64 = Debug|x64
		Debug|x86 = Debug|x86
		Release|x64 = Release|x64
		Release|x86 = Release|x86
	EndGlobalSection
	GlobalSection(ProjectConfigurationPlatforms) = postSolution
		{C08FF24F-AA0A-496F-AC71-B4EF3E611F5F}.Debug|x64.ActiveCfg = Debug|x64
		{C08FF24F-AA0A-496F-AC71-B4EF3E611F5F}.Debug|x64.Build.0 = Debug|x64
		{C08FF24F-AA0A-496F-AC71-B4EF3E611F5F}.Debug|x86.ActiveCfg = Debug|Win32
		{C08FF24F-AA0A-496F-AC71-B4EF3E611F5F}.Debug|x86.Build.0 = Debug|Win32
		{C08FF24F-AA0A-496F-AC71-B4EF3E611F5F}.Release|x64.ActiveCfg = Release|x64
		{C08FF24F-AA0A-496F-AC71-B4EF3E611F5F}.Release|x64.Build.0 = Release|x64
		{C08FF24F-AA0A-496F-AC71-B4EF3E611F5F}.Release|x86.ActiveCfg = Release|Win32
		{C08FF24F-AA0A-496F-AC71-B4EF3E611F5F}.Release|x86.Build.0 = Release|Win32
	EndGlobalSection
	GlobalSection(SolutionProperties) = preSolution
		HideSolutionNode = FALSE
	EndGlobalSection
	GlobalSection(ExtensibilityGlobals) = postSolution
		SolutionGuid = {38DB3DE7-C763-4E83-BD36-286A7369C731}
	EndGlobalSection
EndGlobal
