
Microsoft Visual Studio Solution File, Format Version 12.00
# Visual Studio Version 16
VisualStudioVersion = 16.0.29709.97
MinimumVisualStudioVersion = 10.0.40219.1
Project("{8BC9CEB8-8B4A-11D0-8D11-00A0C91BC942}") = "Project1", "Project1.vcxproj", "{E13C0C7C-89A6-4AA0-BA09-974288F00335}"
EndProject
Global
	GlobalSection(SolutionConfigurationPlatforms) = preSolution
		Debug|x64 = Debug|x64
		Debug|x86 = Debug|x86
		Release|x64 = Release|x64
		Release|x86 = Release|x86
	EndGlobalSection
	GlobalSection(ProjectConfigurationPlatforms) = postSolution
		{E13C0C7C-89A6-4AA0-BA09-974288F00335}.Debug|x64.ActiveCfg = Debug|x64
		{E13C0C7C-89A6-4AA0-BA09-974288F00335}.Debug|x64.Build.0 = Debug|x64
		{E13C0C7C-89A6-4AA0-BA09-974288F00335}.Debug|x86.ActiveCfg = Debug|Win32
		{E13C0C7C-89A6-4AA0-BA09-974288F00335}.Debug|x86.Build.0 = Debug|Win32
		{E13C0C7C-89A6-4AA0-BA09-974288F00335}.Release|x64.ActiveCfg = Release|x64
		{E13C0C7C-89A6-4AA0-BA09-974288F00335}.Release|x64.Build.0 = Release|x64
		{E13C0C7C-89A6-4AA0-BA09-974288F00335}.Release|x86.ActiveCfg = Release|Win32
		{E13C0C7C-89A6-4AA0-BA09-974288F00335}.Release|x86.Build.0 = Release|Win32
	EndGlobalSection
	GlobalSection(SolutionProperties) = preSolution
		HideSolutionNode = FALSE
	EndGlobalSection
	GlobalSection(ExtensibilityGlobals) = postSolution
		SolutionGuid = {FCC7E2D0-C4F1-4657-BF73-953C3BE29C1D}
	EndGlobalSection
EndGlobal
