
Microsoft Visual Studio Solution File, Format Version 12.00
# Visual Studio Version 16
VisualStudioVersion = 16.0.30002.166
MinimumVisualStudioVersion = 10.0.40219.1
Project("{8BC9CEB8-8B4A-11D0-8D11-00A0C91BC942}") = "逆序输出输入的字符（递归）", "逆序输出输入的字符（递归）.vcxproj", "{21EB19D3-9B06-4C62-88A9-9D3DC2D40878}"
EndProject
Global
	GlobalSection(SolutionConfigurationPlatforms) = preSolution
		Debug|x64 = Debug|x64
		Debug|x86 = Debug|x86
		Release|x64 = Release|x64
		Release|x86 = Release|x86
	EndGlobalSection
	GlobalSection(ProjectConfigurationPlatforms) = postSolution
		{21EB19D3-9B06-4C62-88A9-9D3DC2D40878}.Debug|x64.ActiveCfg = Debug|x64
		{21EB19D3-9B06-4C62-88A9-9D3DC2D40878}.Debug|x64.Build.0 = Debug|x64
		{21EB19D3-9B06-4C62-88A9-9D3DC2D40878}.Debug|x86.ActiveCfg = Debug|Win32
		{21EB19D3-9B06-4C62-88A9-9D3DC2D40878}.Debug|x86.Build.0 = Debug|Win32
		{21EB19D3-9B06-4C62-88A9-9D3DC2D40878}.Release|x64.ActiveCfg = Release|x64
		{21EB19D3-9B06-4C62-88A9-9D3DC2D40878}.Release|x64.Build.0 = Release|x64
		{21EB19D3-9B06-4C62-88A9-9D3DC2D40878}.Release|x86.ActiveCfg = Release|Win32
		{21EB19D3-9B06-4C62-88A9-9D3DC2D40878}.Release|x86.Build.0 = Release|Win32
	EndGlobalSection
	GlobalSection(SolutionProperties) = preSolution
		HideSolutionNode = FALSE
	EndGlobalSection
	GlobalSection(ExtensibilityGlobals) = postSolution
		SolutionGuid = {CB4F2CA2-F548-459A-8A42-DF9EBDFC6608}
	EndGlobalSection
EndGlobal
