
Microsoft Visual Studio Solution File, Format Version 12.00
# Visual Studio Version 16
VisualStudioVersion = 16.0.29613.14
MinimumVisualStudioVersion = 10.0.40219.1
Project("{8BC9CEB8-8B4A-11D0-8D11-00A0C91BC942}") = "Project5", "Project5.vcxproj", "{79199BE5-D9E5-4252-A037-2D7D5D10122A}"
EndProject
Global
	GlobalSection(SolutionConfigurationPlatforms) = preSolution
		Debug|x64 = Debug|x64
		Debug|x86 = Debug|x86
		Release|x64 = Release|x64
		Release|x86 = Release|x86
	EndGlobalSection
	GlobalSection(ProjectConfigurationPlatforms) = postSolution
		{79199BE5-D9E5-4252-A037-2D7D5D10122A}.Debug|x64.ActiveCfg = Debug|x64
		{79199BE5-D9E5-4252-A037-2D7D5D10122A}.Debug|x64.Build.0 = Debug|x64
		{79199BE5-D9E5-4252-A037-2D7D5D10122A}.Debug|x86.ActiveCfg = Debug|Win32
		{79199BE5-D9E5-4252-A037-2D7D5D10122A}.Debug|x86.Build.0 = Debug|Win32
		{79199BE5-D9E5-4252-A037-2D7D5D10122A}.Release|x64.ActiveCfg = Release|x64
		{79199BE5-D9E5-4252-A037-2D7D5D10122A}.Release|x64.Build.0 = Release|x64
		{79199BE5-D9E5-4252-A037-2D7D5D10122A}.Release|x86.ActiveCfg = Release|Win32
		{79199BE5-D9E5-4252-A037-2D7D5D10122A}.Release|x86.Build.0 = Release|Win32
	EndGlobalSection
	GlobalSection(SolutionProperties) = preSolution
		HideSolutionNode = FALSE
	EndGlobalSection
	GlobalSection(ExtensibilityGlobals) = postSolution
		SolutionGuid = {4587127D-1246-450F-9A28-541BBB3DFA9F}
	EndGlobalSection
EndGlobal
