
Microsoft Visual Studio Solution File, Format Version 12.00
# Visual Studio Version 16
VisualStudioVersion = 16.0.29613.14
MinimumVisualStudioVersion = 10.0.40219.1
Project("{8BC9CEB8-8B4A-11D0-8D11-00A0C91BC942}") = "Project4", "Project4.vcxproj", "{333A8EE3-752F-4825-AA78-56D80B409420}"
EndProject
Global
	GlobalSection(SolutionConfigurationPlatforms) = preSolution
		Debug|x64 = Debug|x64
		Debug|x86 = Debug|x86
		Release|x64 = Release|x64
		Release|x86 = Release|x86
	EndGlobalSection
	GlobalSection(ProjectConfigurationPlatforms) = postSolution
		{333A8EE3-752F-4825-AA78-56D80B409420}.Debug|x64.ActiveCfg = Debug|x64
		{333A8EE3-752F-4825-AA78-56D80B409420}.Debug|x64.Build.0 = Debug|x64
		{333A8EE3-752F-4825-AA78-56D80B409420}.Debug|x86.ActiveCfg = Debug|Win32
		{333A8EE3-752F-4825-AA78-56D80B409420}.Debug|x86.Build.0 = Debug|Win32
		{333A8EE3-752F-4825-AA78-56D80B409420}.Release|x64.ActiveCfg = Release|x64
		{333A8EE3-752F-4825-AA78-56D80B409420}.Release|x64.Build.0 = Release|x64
		{333A8EE3-752F-4825-AA78-56D80B409420}.Release|x86.ActiveCfg = Release|Win32
		{333A8EE3-752F-4825-AA78-56D80B409420}.Release|x86.Build.0 = Release|Win32
	EndGlobalSection
	GlobalSection(SolutionProperties) = preSolution
		HideSolutionNode = FALSE
	EndGlobalSection
	GlobalSection(ExtensibilityGlobals) = postSolution
		SolutionGuid = {955446C1-653B-4D48-A0A5-B95CC2EAF155}
	EndGlobalSection
EndGlobal
