
Microsoft Visual Studio Solution File, Format Version 12.00
# Visual Studio Version 16
VisualStudioVersion = 16.0.29911.84
MinimumVisualStudioVersion = 10.0.40219.1
Project("{8BC9CEB8-8B4A-11D0-8D11-00A0C91BC942}") = "删除字符数组重复元素", "删除字符数组重复元素.vcxproj", "{A604A817-5A1B-433D-A3B8-8467DFC2F632}"
EndProject
Global
	GlobalSection(SolutionConfigurationPlatforms) = preSolution
		Debug|x64 = Debug|x64
		Debug|x86 = Debug|x86
		Release|x64 = Release|x64
		Release|x86 = Release|x86
	EndGlobalSection
	GlobalSection(ProjectConfigurationPlatforms) = postSolution
		{A604A817-5A1B-433D-A3B8-8467DFC2F632}.Debug|x64.ActiveCfg = Debug|x64
		{A604A817-5A1B-433D-A3B8-8467DFC2F632}.Debug|x64.Build.0 = Debug|x64
		{A604A817-5A1B-433D-A3B8-8467DFC2F632}.Debug|x86.ActiveCfg = Debug|Win32
		{A604A817-5A1B-433D-A3B8-8467DFC2F632}.Debug|x86.Build.0 = Debug|Win32
		{A604A817-5A1B-433D-A3B8-8467DFC2F632}.Release|x64.ActiveCfg = Release|x64
		{A604A817-5A1B-433D-A3B8-8467DFC2F632}.Release|x64.Build.0 = Release|x64
		{A604A817-5A1B-433D-A3B8-8467DFC2F632}.Release|x86.ActiveCfg = Release|Win32
		{A604A817-5A1B-433D-A3B8-8467DFC2F632}.Release|x86.Build.0 = Release|Win32
	EndGlobalSection
	GlobalSection(SolutionProperties) = preSolution
		HideSolutionNode = FALSE
	EndGlobalSection
	GlobalSection(ExtensibilityGlobals) = postSolution
		SolutionGuid = {C4144EED-F42B-490E-8050-3D476DF49007}
	EndGlobalSection
EndGlobal
