
Microsoft Visual Studio Solution File, Format Version 12.00
# Visual Studio Version 16
VisualStudioVersion = 16.0.30225.117
MinimumVisualStudioVersion = 10.0.40219.1
Project("{8BC9CEB8-8B4A-11D0-8D11-00A0C91BC942}") = "有序数组插入", "有序数组插入.vcxproj", "{6BD804B6-73CF-424C-A22A-7FCD73BE81E0}"
EndProject
Global
	GlobalSection(SolutionConfigurationPlatforms) = preSolution
		Debug|x64 = Debug|x64
		Debug|x86 = Debug|x86
		Release|x64 = Release|x64
		Release|x86 = Release|x86
	EndGlobalSection
	GlobalSection(ProjectConfigurationPlatforms) = postSolution
		{6BD804B6-73CF-424C-A22A-7FCD73BE81E0}.Debug|x64.ActiveCfg = Debug|x64
		{6BD804B6-73CF-424C-A22A-7FCD73BE81E0}.Debug|x64.Build.0 = Debug|x64
		{6BD804B6-73CF-424C-A22A-7FCD73BE81E0}.Debug|x86.ActiveCfg = Debug|Win32
		{6BD804B6-73CF-424C-A22A-7FCD73BE81E0}.Debug|x86.Build.0 = Debug|Win32
		{6BD804B6-73CF-424C-A22A-7FCD73BE81E0}.Release|x64.ActiveCfg = Release|x64
		{6BD804B6-73CF-424C-A22A-7FCD73BE81E0}.Release|x64.Build.0 = Release|x64
		{6BD804B6-73CF-424C-A22A-7FCD73BE81E0}.Release|x86.ActiveCfg = Release|Win32
		{6BD804B6-73CF-424C-A22A-7FCD73BE81E0}.Release|x86.Build.0 = Release|Win32
	EndGlobalSection
	GlobalSection(SolutionProperties) = preSolution
		HideSolutionNode = FALSE
	EndGlobalSection
	GlobalSection(ExtensibilityGlobals) = postSolution
		SolutionGuid = {842A60A1-DC4A-4763-AADA-C8F095170C8E}
	EndGlobalSection
EndGlobal
