
Microsoft Visual Studio Solution File, Format Version 12.00
# Visual Studio Version 16
VisualStudioVersion = 16.0.30011.22
MinimumVisualStudioVersion = 10.0.40219.1
Project("{8BC9CEB8-8B4A-11D0-8D11-00A0C91BC942}") = "斐波那契数列（1）", "斐波那契数列（1）.vcxproj", "{1DBECDC1-C973-4387-B0A1-C5A5F8AEEF0D}"
EndProject
Global
	GlobalSection(SolutionConfigurationPlatforms) = preSolution
		Debug|x64 = Debug|x64
		Debug|x86 = Debug|x86
		Release|x64 = Release|x64
		Release|x86 = Release|x86
	EndGlobalSection
	GlobalSection(ProjectConfigurationPlatforms) = postSolution
		{1DBECDC1-C973-4387-B0A1-C5A5F8AEEF0D}.Debug|x64.ActiveCfg = Debug|x64
		{1DBECDC1-C973-4387-B0A1-C5A5F8AEEF0D}.Debug|x64.Build.0 = Debug|x64
		{1DBECDC1-C973-4387-B0A1-C5A5F8AEEF0D}.Debug|x86.ActiveCfg = Debug|Win32
		{1DBECDC1-C973-4387-B0A1-C5A5F8AEEF0D}.Debug|x86.Build.0 = Debug|Win32
		{1DBECDC1-C973-4387-B0A1-C5A5F8AEEF0D}.Release|x64.ActiveCfg = Release|x64
		{1DBECDC1-C973-4387-B0A1-C5A5F8AEEF0D}.Release|x64.Build.0 = Release|x64
		{1DBECDC1-C973-4387-B0A1-C5A5F8AEEF0D}.Release|x86.ActiveCfg = Release|Win32
		{1DBECDC1-C973-4387-B0A1-C5A5F8AEEF0D}.Release|x86.Build.0 = Release|Win32
	EndGlobalSection
	GlobalSection(SolutionProperties) = preSolution
		HideSolutionNode = FALSE
	EndGlobalSection
	GlobalSection(ExtensibilityGlobals) = postSolution
		SolutionGuid = {E8C916D1-0DE4-4314-A652-07D93B9E58ED}
	EndGlobalSection
EndGlobal
