
Microsoft Visual Studio Solution File, Format Version 12.00
# Visual Studio Version 16
VisualStudioVersion = 16.0.29920.165
MinimumVisualStudioVersion = 10.0.40219.1
Project("{8BC9CEB8-8B4A-11D0-8D11-00A0C91BC942}") = "程序设计0331", "程序设计0331.vcxproj", "{161F9645-9E13-42B4-9F84-42D9E2C74DCA}"
EndProject
Global
	GlobalSection(SolutionConfigurationPlatforms) = preSolution
		Debug|x64 = Debug|x64
		Debug|x86 = Debug|x86
		Release|x64 = Release|x64
		Release|x86 = Release|x86
	EndGlobalSection
	GlobalSection(ProjectConfigurationPlatforms) = postSolution
		{161F9645-9E13-42B4-9F84-42D9E2C74DCA}.Debug|x64.ActiveCfg = Debug|x64
		{161F9645-9E13-42B4-9F84-42D9E2C74DCA}.Debug|x64.Build.0 = Debug|x64
		{161F9645-9E13-42B4-9F84-42D9E2C74DCA}.Debug|x86.ActiveCfg = Debug|Win32
		{161F9645-9E13-42B4-9F84-42D9E2C74DCA}.Debug|x86.Build.0 = Debug|Win32
		{161F9645-9E13-42B4-9F84-42D9E2C74DCA}.Release|x64.ActiveCfg = Release|x64
		{161F9645-9E13-42B4-9F84-42D9E2C74DCA}.Release|x64.Build.0 = Release|x64
		{161F9645-9E13-42B4-9F84-42D9E2C74DCA}.Release|x86.ActiveCfg = Release|Win32
		{161F9645-9E13-42B4-9F84-42D9E2C74DCA}.Release|x86.Build.0 = Release|Win32
	EndGlobalSection
	GlobalSection(SolutionProperties) = preSolution
		HideSolutionNode = FALSE
	EndGlobalSection
	GlobalSection(ExtensibilityGlobals) = postSolution
		SolutionGuid = {753FDA01-312F-47EC-B218-140CC67761F8}
	EndGlobalSection
EndGlobal
